
Microsoft Visual Studio Solution File, Format Version 12.00
# Visual Studio 15
VisualStudioVersion = 15.0.28307.271
MinimumVisualStudioVersion = 10.0.40219.1
Project("{FAE04EC0-301F-11D3-BF4B-00C04F79EFBC}") = "Projeto_Pratico", "Projeto_Pratico\Projeto_Pratico.csproj", "{BCB86DDE-3B63-45C8-89CE-6A5FC3607ABD}"
EndProject
Global
	GlobalSection(SolutionConfigurationPlatforms) = preSolution
		Debug|Any CPU = Debug|Any CPU
		Release|Any CPU = Release|Any CPU
	EndGlobalSection
	GlobalSection(ProjectConfigurationPlatforms) = postSolution
		{BCB86DDE-3B63-45C8-89CE-6A5FC3607ABD}.Debug|Any CPU.ActiveCfg = Debug|Any CPU
		{BCB86DDE-3B63-45C8-89CE-6A5FC3607ABD}.Debug|Any CPU.Build.0 = Debug|Any CPU
		{BCB86DDE-3B63-45C8-89CE-6A5FC3607ABD}.Release|Any CPU.ActiveCfg = Release|Any CPU
		{BCB86DDE-3B63-45C8-89CE-6A5FC3607ABD}.Release|Any CPU.Build.0 = Release|Any CPU
	EndGlobalSection
	GlobalSection(SolutionProperties) = preSolution
		HideSolutionNode = FALSE
	EndGlobalSection
	GlobalSection(ExtensibilityGlobals) = postSolution
		SolutionGuid = {73CEA35E-09D6-46A9-B912-15A02600EC5F}
	EndGlobalSection
EndGlobal
